
Microsoft Visual Studio Solution File, Format Version 12.00
# Visual Studio Version 17
VisualStudioVersion = 17.11.35327.3
MinimumVisualStudioVersion = 10.0.40219.1
Project("{FAE04EC0-301F-11D3-BF4B-00C04F79EFBC}") = "Week5LogicalOperators", "Week5LogicalOperators\Week5LogicalOperators.csproj", "{599658C5-A358-4C29-B532-057D4325745E}"
EndProject
Project("{FAE04EC0-301F-11D3-BF4B-00C04F79EFBC}") = "ANDOperator", "ANDOperator\ANDOperator.csproj", "{C9430F42-0D68-4DC5-A857-B297B847ED2F}"
EndProject
Project("{FAE04EC0-301F-11D3-BF4B-00C04F79EFBC}") = "OROperator", "OROperator\OROperator.csproj", "{0CD75CDE-C81D-4AE1-BB73-5C1E2271A3D1}"
EndProject
Project("{FAE04EC0-301F-11D3-BF4B-00C04F79EFBC}") = "ANDRanges", "ANDRanges\ANDRanges.csproj", "{2FF69972-2A33-42BE-9693-62B0B3A20A5D}"
EndProject
Global
	GlobalSection(SolutionConfigurationPlatforms) = preSolution
		Debug|Any CPU = Debug|Any CPU
		Release|Any CPU = Release|Any CPU
	EndGlobalSection
	GlobalSection(ProjectConfigurationPlatforms) = postSolution
		{599658C5-A358-4C29-B532-057D4325745E}.Debug|Any CPU.ActiveCfg = Debug|Any CPU
		{599658C5-A358-4C29-B532-057D4325745E}.Debug|Any CPU.Build.0 = Debug|Any CPU
		{599658C5-A358-4C29-B532-057D4325745E}.Release|Any CPU.ActiveCfg = Release|Any CPU
		{599658C5-A358-4C29-B532-057D4325745E}.Release|Any CPU.Build.0 = Release|Any CPU
		{C9430F42-0D68-4DC5-A857-B297B847ED2F}.Debug|Any CPU.ActiveCfg = Debug|Any CPU
		{C9430F42-0D68-4DC5-A857-B297B847ED2F}.Debug|Any CPU.Build.0 = Debug|Any CPU
		{C9430F42-0D68-4DC5-A857-B297B847ED2F}.Release|Any CPU.ActiveCfg = Release|Any CPU
		{C9430F42-0D68-4DC5-A857-B297B847ED2F}.Release|Any CPU.Build.0 = Release|Any CPU
		{0CD75CDE-C81D-4AE1-BB73-5C1E2271A3D1}.Debug|Any CPU.ActiveCfg = Debug|Any CPU
		{0CD75CDE-C81D-4AE1-BB73-5C1E2271A3D1}.Debug|Any CPU.Build.0 = Debug|Any CPU
		{0CD75CDE-C81D-4AE1-BB73-5C1E2271A3D1}.Release|Any CPU.ActiveCfg = Release|Any CPU
		{0CD75CDE-C81D-4AE1-BB73-5C1E2271A3D1}.Release|Any CPU.Build.0 = Release|Any CPU
		{2FF69972-2A33-42BE-9693-62B0B3A20A5D}.Debug|Any CPU.ActiveCfg = Debug|Any CPU
		{2FF69972-2A33-42BE-9693-62B0B3A20A5D}.Debug|Any CPU.Build.0 = Debug|Any CPU
		{2FF69972-2A33-42BE-9693-62B0B3A20A5D}.Release|Any CPU.ActiveCfg = Release|Any CPU
		{2FF69972-2A33-42BE-9693-62B0B3A20A5D}.Release|Any CPU.Build.0 = Release|Any CPU
	EndGlobalSection
	GlobalSection(SolutionProperties) = preSolution
		HideSolutionNode = FALSE
	EndGlobalSection
	GlobalSection(ExtensibilityGlobals) = postSolution
		SolutionGuid = {423F8DF9-BD42-404E-AFE9-CF459113ABDB}
	EndGlobalSection
EndGlobal
